{
  "object": {
    "pins": [
      {
        "package": "Moderator",
        "repositoryURL": "https://github.com/kareman/Moderator.git",
        "state": {
          "branch": null,
          "revision": "cd84a34a9ee55585dc31cbb5b430d8470ee4a172",
          "version": "0.5.0"
        }
      }
    ]
  },
  "version": 1
}
